
Microsoft Visual Studio Solution File, Format Version 12.00
# Visual Studio Version 16
VisualStudioVersion = 16.0.30804.86
MinimumVisualStudioVersion = 10.0.40219.1
Project("{9A19103F-16F7-4668-BE54-9A1E7A4F7556}") = "LSP", "LSP.csproj", "{6CDC2090-1EA7-460E-9200-71E8A892DF06}"
EndProject
Project("{FAE04EC0-301F-11D3-BF4B-00C04F79EFBC}") = "Entities", "..\Entities\Entities.csproj", "{BC31F5EC-7061-4D3E-B2FD-6744F8C7504E}"
EndProject
Global
	GlobalSection(SolutionConfigurationPlatforms) = preSolution
		Debug|Any CPU = Debug|Any CPU
		Release|Any CPU = Release|Any CPU
	EndGlobalSection
	GlobalSection(ProjectConfigurationPlatforms) = postSolution
		{6CDC2090-1EA7-460E-9200-71E8A892DF06}.Debug|Any CPU.ActiveCfg = Debug|Any CPU
		{6CDC2090-1EA7-460E-9200-71E8A892DF06}.Debug|Any CPU.Build.0 = Debug|Any CPU
		{6CDC2090-1EA7-460E-9200-71E8A892DF06}.Release|Any CPU.ActiveCfg = Release|Any CPU
		{6CDC2090-1EA7-460E-9200-71E8A892DF06}.Release|Any CPU.Build.0 = Release|Any CPU
		{BC31F5EC-7061-4D3E-B2FD-6744F8C7504E}.Debug|Any CPU.ActiveCfg = Debug|Any CPU
		{BC31F5EC-7061-4D3E-B2FD-6744F8C7504E}.Debug|Any CPU.Build.0 = Debug|Any CPU
		{BC31F5EC-7061-4D3E-B2FD-6744F8C7504E}.Release|Any CPU.ActiveCfg = Release|Any CPU
		{BC31F5EC-7061-4D3E-B2FD-6744F8C7504E}.Release|Any CPU.Build.0 = Release|Any CPU
	EndGlobalSection
	GlobalSection(SolutionProperties) = preSolution
		HideSolutionNode = FALSE
	EndGlobalSection
	GlobalSection(ExtensibilityGlobals) = postSolution
		SolutionGuid = {957F0543-6230-43C2-B5E4-BA4F67F678BB}
	EndGlobalSection
EndGlobal
